github.com/awalterschulze/gographviz v0.0.0-20170410065617-c84395e536e1 h1:r2lcIqPAm8+z4sEiWTJW3JR3/tc9WWH95hZFXLd2Y0g=
github.com/awalterschulze/gographviz v0.0.0-20170410065617-c84395e536e1/go.mod h1:GEV5wmg4YquNw7v1kkyoX9etIk8yVmXj+AkDHuuETHs=
github.com/carlescere/scheduler v0.0.0-20170109141437-ee74d2f83d82/go.mod h1:tyA14J0sA3Hph4dt+AfCjPrYR13+vVodshQSM7km9qw=
github.com/chewxy/hm v1.0.0 h1:zy/TSv3LV2nD3dwUEQL2VhXeoXbb9QkpmdRAVUFiA6k=
github.com/chewxy/hm v1.0.0/go.mod h1:qg9YI4q6Fkj/whwHR1D+bOGeF7SniIP40VweVepLjg0=
github.com/chewxy/math32 v1.0.0 h1:RTt2SACA7BTzvbsAKVQJLZpV6zY2MZw4bW9L2HEKkHg=
github.com/chewxy/math32 v1.0.0/go.mod h1:Miac6hA1ohdDUTagnvJy/q+aNnEk16qWUdb8ZVhvCN0=
github.com/davecgh/go-spew v1.1.1 h1:vj9j/u1bqnvCEfJOwUhtlOARqs3+rkHYY13jYWTU97c=
github.com/davecgh/go-spew v1.1.1/go.mod h1:J7Y8YcW2NihsgmVo/mv3lAwl/skON4iLHjSsI+c5H38=
github.com/gogo/protobuf v1.1.1 h1:72R+M5VuhED/KujmZVcIquuo8mBgX4oVda//DQb3PXo=
github.com/gogo/protobuf v1.1.1/go.mod h1:r8qH/GZQm5c6nD/R0oafs1akxWv10x8SbQlK7atdtwQ=
github.com/golang/protobuf v1.2.0 h1:P3YflyNX/ehuJFLhxviNdFxQPkGK5cDcApsge1SqnvM=
github.com/golang/protobuf v1.2.0/go.mod h1:6lQm79b+lXiMfvg/cZm0SGofjICqVBUtrP5yJMmIC1U=
github.com/gonum/blas v0.0.0-20180125090452-e7c5890b24cf h1:ukIp7SJ4RNEkyqdn8EZDzUTOsqWUbHnwPGU3d8pc7ok=
github.com/gonum/blas v0.0.0-20180125090452-e7c5890b24cf/go.mod h1:P32wAyui1PQ58Oce/KYkOqQv8cVw1zAapXOl+dRFGbc=
github.com/google/flatbuffers v1.10.0 h1:oRiOciRvbejW4wxTr/DVVAczyQaxsEONq6NyxhDf3bY=
github.com/google/flatbuffers v1.10.0/go.mod h1:1AeVuKshWv4vARoZatz6mlQ0JxURH0Kv5+zNeJKJCa8=
github.com/julienschmidt/httprouter v1.2.0 h1:TDTW5Yz1mjftljbcKqRcrYhd4XeOoI98t+9HbQbYf7g=
github.com/julienschmidt/httprouter v1.2.0/go.mod h1:SYymIcj16QtmaHHD7aYtjjsJG7VTCxuUUipMqKk8s4w=
github.com/konsorten/go-windows-terminal-sequences v0.0.0-20180402223658-b729f2633dfe h1:CHRGQ8V7OlCYtwaKPJi3iA7J+YdNKdo8j7nG5IgDhjs=
github.com/konsorten/go-windows-terminal-sequences v0.0.0-20180402223658-b729f2633dfe/go.mod h1:T0+1ngSBFLxvqU3pZ+m/2kptfBszLMUkC4ZK/EgS/cQ=
github.com/leesper/go_rng v0.0.0-20171009123644-5344a9259b21 h1:O75p5GUdUfhJqNCMM1ntthjtJCOHVa1lzMSfh5Qsa0Y=
github.com/leesper/go_rng v0.0.0-20171009123644-5344a9259b21/go.mod h1:N0SVk0uhy+E1PZ3C9ctsPRlvOPAFPkCNlcPBDkt0N3U=
github.com/oliveagle/jsonpath v0.0.0-20180606110733-2e52cf6e6852 h1:Yl0tPBa8QPjGmesFh1D0rDy+q1Twx6FyU7VWHi8wZbI=
github.com/oliveagle/jsonpath v0.0.0-20180606110733-2e52cf6e6852/go.mod h1:eqOVx5Vwu4gd2mmMZvVZsgIqNSaW3xxRThUJ0k/TPk4=
github.com/pkg/errors v0.8.0 h1:WdK/asTD0HN+q6hsWO3/vpuAkAr+tw6aNJNDFFf0+qw=
github.com/pkg/errors v0.8.0/go.mod h1:bwawxfHBFNV+L2hUp1rHADufV3IMtnDRdf1r5NINEl0=
github.com/pmezard/go-difflib v1.0.0 h1:4DBwDE0NGyQoBHbLQYPwSUPoCMWR5BEzIk/f1lZbAQM=
github.com/pmezard/go-difflib v1.0.0/go.mod h1:iKH77koFhYxTK1pcRnkKkqfTogsbg7gZNVY4sRDYZ/4=
github.com/pointlander/contrib v0.0.0-20181027214815-cddc15cc764a h1:dcLCTE5h0FXb+ckA7Rnin/IMFl2nzb6ypmdI+dWYN5I=
github.com/pointlander/contrib v0.0.0-20181027214815-cddc15cc764a/go.mod h1:Q+uLEZCxZpkE4Ap9soT7XFMAi1GX54+TE9UZoP+Ndpw=
github.com/project-flogo/contrib v0.0.0-20181024190341-c03154af209b h1:EfJ/qCUd+TOatgtdkr6qkOqBhySOZO6ETNdYTxxU90c=
github.com/project-flogo/contrib v0.0.0-20181024190341-c03154af209b/go.mod h1:Q+uLEZCxZpkE4Ap9soT7XFMAi1GX54+TE9UZoP+Ndpw=
github.com/project-flogo/contrib v0.0.0-20181028215658-885c404848c5 h1:TwZCXGRuqc+H9Zvq/kApA1cz5Od3tefanViTe9TBuY8=
github.com/project-flogo/contrib v0.0.0-20181028215658-885c404848c5/go.mod h1:Q+uLEZCxZpkE4Ap9soT7XFMAi1GX54+TE9UZoP+Ndpw=
github.com/project-flogo/core v0.9.0-alpha.1 h1:c6BB8TPct70wvgyJ/FE1CCgZbn5WrLWZSZWJ6qR+Gq8=
github.com/project-flogo/core v0.9.0-alpha.1/go.mod h1:2ahj+3BgitIAcO0P/3aW2YClPekCuVJzyDT6twLb2xM=
github.com/sirupsen/logrus v1.1.1 h1:VzGj7lhU7KEB9e9gMpAV/v5XT2NVSvLJhJLCWbnkgXg=
github.com/sirupsen/logrus v1.1.1/go.mod h1:zrgwTnHtNr00buQ1vSptGe8m1f/BbgsPukg8qsT7A+A=
github.com/stretchr/objx v0.1.1 h1:2vfRuCMp5sSVIDSqO8oNnWJq7mPa6KVP3iPIwFBuy8A=
github.com/stretchr/objx v0.1.1/go.mod h1:HFkY916IF+rwdDfMAkV7OtwuqBVzrE8GR6GFx+wExME=
github.com/stretchr/testify v1.2.2 h1:bSDNvY7ZPG5RlJ8otE/7V6gMiyenm9RtJ7IUVIAoJ1w=
github.com/stretchr/testify v1.2.2/go.mod h1:a8OnRcib4nhh0OaRAV+Yts87kKdq0PP7pXfy6kDkUVs=
github.com/xeipuuv/gojsonpointer v0.0.0-20180127040702-4e3ac2762d5f h1:J9EGpcZtP0E/raorCMxlFGSTBrsSlaDGf3jU/qvAE2c=
github.com/xeipuuv/gojsonpointer v0.0.0-20180127040702-4e3ac2762d5f/go.mod h1:N2zxlSyiKSe5eX1tZViRH5QA0qijqEDrYZiPEAiq3wU=
github.com/xeipuuv/gojsonreference v0.0.0-20180127040603-bd5ef7bd5415 h1:EzJWgHovont7NscjpAxXsDA8S8BMYve8Y5+7cuRE7R0=
github.com/xeipuuv/gojsonreference v0.0.0-20180127040603-bd5ef7bd5415/go.mod h1:GwrjFmJcFw6At/Gs6z4yjiIwzuJ1/+UwLxMQDVQXShQ=
github.com/xeipuuv/gojsonschema v0.0.0-20181016150526-f3a9dae5b194 h1:va8F6ctiwxAm980W2zwP4vfSFaKeYlqPo24rRvYjmdc=
github.com/xeipuuv/gojsonschema v0.0.0-20181016150526-f3a9dae5b194/go.mod h1:5yf86TLmAcydyeJq5YvxkGPE2fm/u4myDekKRoLuqhs=
github.com/xtgo/set v1.0.0 h1:6BCNBRv3ORNDQ7fyoJXRv+tstJz3m1JVFQErfeZz2pY=
github.com/xtgo/set v1.0.0/go.mod h1:d3NHzGzSa0NmB2NhFyECA+QdRp29oEn2xbT+TpeFoM8=
golang.org/x/crypto v0.0.0-20180904163835-0709b304e793 h1:u+LnwYTOOW7Ukr/fppxEb1Nwz0AtPflrblfvUudpo+I=
golang.org/x/crypto v0.0.0-20180904163835-0709b304e793/go.mod h1:6SG95UA2DQfeDnfUPMdvaQW0Q7yPrPDi9nlGo2tz2b4=
golang.org/x/exp v0.0.0-20181022080537-42ba7d4b6eb2 h1:lpkPb6P4ObnPRN3VbEzv/6CUtwaEDtx0cvCg4eWQuBk=
golang.org/x/exp v0.0.0-20181022080537-42ba7d4b6eb2/go.mod h1:CJ0aWSM057203Lf6IL+f9T1iT9GByDxfZKAQTCR3kQA=
golang.org/x/net v0.0.0-20181023162649-9b4f9f5ad519 h1:x6rhz8Y9CjbgQkccRGmELH6K+LJj7tOoh3XWeC1yaQM=
golang.org/x/net v0.0.0-20181023162649-9b4f9f5ad519/go.mod h1:mL1N/T3taQHkDXs73rZJwtUhF3w3ftmwwsq0BUmARs4=
golang.org/x/sync v0.0.0-20180314180146-1d60e4601c6f h1:wMNYb4v58l5UBM7MYRLPG6ZhfOqbKu7X5eyFl8ZhKvA=
golang.org/x/sync v0.0.0-20180314180146-1d60e4601c6f/go.mod h1:RxMgew5VJxzue5/jJTE5uejpjVlOe/izrB70Jof72aM=
golang.org/x/sys v0.0.0-20180905080454-ebe1bf3edb33 h1:I6FyU15t786LL7oL/hn43zqTuEGr4PN7F4XJ1p4E3Y8=
golang.org/x/sys v0.0.0-20180905080454-ebe1bf3edb33/go.mod h1:STP8DvDyc/dI5b8T5hshtkjS+E42TnysNCUPdjciGhY=
gonum.org/v1/gonum v0.0.0-20180622153253-e9e56344e335 h1:P/AbyfYTC6AR6DluxvCFecXpq7KduJXoq9o4bQlTUMk=
gonum.org/v1/gonum v0.0.0-20180622153253-e9e56344e335/go.mod h1:cucAdkem48eM79EG1fdGOGASXorNZIYAO9duTse+1cI=
gorgonia.org/cu v0.8.0 h1:XpTkl5IpMlTPNJl6pKQPEXVV/9TnEtiRB7j1gGkrzCI=
gorgonia.org/cu v0.8.0/go.mod h1:RPEPIfaxxqUmeRe7T1T8a0NER+KxBI2McoLEXhP1Vd8=
gorgonia.org/dawson v1.0.0 h1:am1mZRo4UqDMMpiamOUoefc96218mLUeffSnF/PyXKk=
gorgonia.org/dawson v1.0.0/go.mod h1:Px1mcziba8YUBIDsbzGwbKJ11uIblv/zkln4jNrZ9Ws=
gorgonia.org/gorgonia v0.9.0-beta h1:qC0+Escq0MsSkyuy/h6mxQ5sDE8Qk/5PUD3iJ/3ynNw=
gorgonia.org/gorgonia v0.9.0-beta/go.mod h1:qucT7YHm/2OuSHWEw/6Je/LQ5htRJNQJ1+qpB58fY8c=
gorgonia.org/tensor v0.9.0-beta h1:16QQufB1vbJxVbIOaB5TwkerdlBWtw+AAnZHUZ531ZE=
gorgonia.org/tensor v0.9.0-beta/go.mod h1:05Y4laKuVlj4qFoZIZW1q/9n1jZkgDBOLmKXZdBLG1w=
gorgonia.org/vecf32 v0.0.0-20180224100446-da24147133d9 h1:r3wCKgalImPMiuxYViT5Xp5/VLrrNbfcTpzdLYGP83A=
gorgonia.org/vecf32 v0.0.0-20180224100446-da24147133d9/go.mod h1:iHG+kvTMqGYA0SgahfO2k62WRnxmHsqAREGbayRDzy8=
gorgonia.org/vecf64 v0.0.0-20180224100512-6314d1b6cefc h1:PCqlbnwxCPn67xi6xqid3NDrMotJxMbqcq+Y0WhjOA4=
gorgonia.org/vecf64 v0.0.0-20180224100512-6314d1b6cefc/go.mod h1:1y4pmcSd+wh3phG+InwWQjYrqwyrtN9h27WLFVQfV1Q=
